
Microsoft Visual Studio Solution File, Format Version 12.00
# Visual Studio Version 17
VisualStudioVersion = 17.8.34330.188
MinimumVisualStudioVersion = 10.0.40219.1
Project("{FAE04EC0-301F-11D3-BF4B-00C04F79EFBC}") = "Laba6Kargin", "Laba6Kargin\Laba6Kargin.csproj", "{A631497A-C167-4D55-9D5C-61DECB65AD9D}"
EndProject
Global
	GlobalSection(SolutionConfigurationPlatforms) = preSolution
		Debug|Any CPU = Debug|Any CPU
		Release|Any CPU = Release|Any CPU
	EndGlobalSection
	GlobalSection(ProjectConfigurationPlatforms) = postSolution
		{A631497A-C167-4D55-9D5C-61DECB65AD9D}.Debug|Any CPU.ActiveCfg = Debug|Any CPU
		{A631497A-C167-4D55-9D5C-61DECB65AD9D}.Debug|Any CPU.Build.0 = Debug|Any CPU
		{A631497A-C167-4D55-9D5C-61DECB65AD9D}.Release|Any CPU.ActiveCfg = Release|Any CPU
		{A631497A-C167-4D55-9D5C-61DECB65AD9D}.Release|Any CPU.Build.0 = Release|Any CPU
	EndGlobalSection
	GlobalSection(SolutionProperties) = preSolution
		HideSolutionNode = FALSE
	EndGlobalSection
	GlobalSection(ExtensibilityGlobals) = postSolution
		SolutionGuid = {F3DBE236-0DFA-4485-85C3-3A1ED84E4395}
	EndGlobalSection
EndGlobal
