
Microsoft Visual Studio Solution File, Format Version 12.00
# Visual Studio Version 17
VisualStudioVersion = 17.8.34330.188
MinimumVisualStudioVersion = 10.0.40219.1
Project("{FAE04EC0-301F-11D3-BF4B-00C04F79EFBC}") = "laba9", "laba9\laba9.csproj", "{A20BD3D3-6F4E-4BF7-A235-401D1879F931}"
EndProject
Global
	GlobalSection(SolutionConfigurationPlatforms) = preSolution
		Debug|Any CPU = Debug|Any CPU
		Release|Any CPU = Release|Any CPU
	EndGlobalSection
	GlobalSection(ProjectConfigurationPlatforms) = postSolution
		{A20BD3D3-6F4E-4BF7-A235-401D1879F931}.Debug|Any CPU.ActiveCfg = Debug|Any CPU
		{A20BD3D3-6F4E-4BF7-A235-401D1879F931}.Debug|Any CPU.Build.0 = Debug|Any CPU
		{A20BD3D3-6F4E-4BF7-A235-401D1879F931}.Release|Any CPU.ActiveCfg = Release|Any CPU
		{A20BD3D3-6F4E-4BF7-A235-401D1879F931}.Release|Any CPU.Build.0 = Release|Any CPU
	EndGlobalSection
	GlobalSection(SolutionProperties) = preSolution
		HideSolutionNode = FALSE
	EndGlobalSection
	GlobalSection(ExtensibilityGlobals) = postSolution
		SolutionGuid = {E24D5571-6E39-4B6C-B18F-08EEEB4435B8}
	EndGlobalSection
EndGlobal
